// !$*UTF8*$!
{
	archiveVersion = 1;
	classes = {
	};
	objectVersion = 55;
	objects = {

/* Begin PBXBuildFile section */
		CB036BD12752E3EA004B85C4 /* XPCTestApp.swift in Sources */ = {isa = PBXBuildFile; fileRef = CB036BD02752E3EA004B85C4 /* XPCTestApp.swift */; };
		CB036BD32752E3EA004B85C4 /* ContentView.swift in Sources */ = {isa = PBXBuildFile; fileRef = CB036BD22752E3EA004B85C4 /* ContentView.swift */; };
		CB036BD52752E3EF004B85C4 /* Assets.xcassets in Resources */ = {isa = PBXBuildFile; fileRef = CB036BD42752E3EF004B85C4 /* Assets.xcassets */; };
		CB036BD82752E3EF004B85C4 /* Preview Assets.xcassets in Resources */ = {isa = PBXBuildFile; fileRef = CB036BD72752E3EF004B85C4 /* Preview Assets.xcassets */; };
		CB036BE82752E584004B85C4 /* XPCServiceTest.m in Sources */ = {isa = PBXBuildFile; fileRef = CB036BE72752E584004B85C4 /* XPCServiceTest.m */; };
		CB036BEA2752E585004B85C4 /* main.m in Sources */ = {isa = PBXBuildFile; fileRef = CB036BE92752E585004B85C4 /* main.m */; };
		CB036BF02752E5B7004B85C4 /* XPCServiceTest.xpc in CopyFiles */ = {isa = PBXBuildFile; fileRef = CB036BE32752E584004B85C4 /* XPCServiceTest.xpc */; settings = {ATTRIBUTES = (RemoveHeadersOnCopy, ); }; };
		CB036C052754E36A004B85C4 /* Assets.xcassets in Resources */ = {isa = PBXBuildFile; fileRef = CB036C042754E36A004B85C4 /* Assets.xcassets */; };
		CB036C082754E36A004B85C4 /* Preview Assets.xcassets in Resources */ = {isa = PBXBuildFile; fileRef = CB036C072754E36A004B85C4 /* Preview Assets.xcassets */; };
		CB036C0E2754E48F004B85C4 /* XPCTestApp.swift in Sources */ = {isa = PBXBuildFile; fileRef = CB036BD02752E3EA004B85C4 /* XPCTestApp.swift */; };
		CB036C0F2754E48F004B85C4 /* ContentView.swift in Sources */ = {isa = PBXBuildFile; fileRef = CB036BD22752E3EA004B85C4 /* ContentView.swift */; };
		CB036C132754E51A004B85C4 /* XPCServiceTest.xpc in CopyFiles */ = {isa = PBXBuildFile; fileRef = CB036BE32752E584004B85C4 /* XPCServiceTest.xpc */; settings = {ATTRIBUTES = (RemoveHeadersOnCopy, ); }; };
		CB036C142754E557004B85C4 /* XPCConnector.swift in Sources */ = {isa = PBXBuildFile; fileRef = CB036BF82754DECC004B85C4 /* XPCConnector.swift */; };
		CB036C152754F453004B85C4 /* XPCConnector.swift in Sources */ = {isa = PBXBuildFile; fileRef = CB036BF82754DECC004B85C4 /* XPCConnector.swift */; };
		CB036C1D275636D6004B85C4 /* AVDeviceHelper.m in Sources */ = {isa = PBXBuildFile; fileRef = CB036C1C275636D6004B85C4 /* AVDeviceHelper.m */; };
		CB036C1E275636D6004B85C4 /* AVDeviceHelper.m in Sources */ = {isa = PBXBuildFile; fileRef = CB036C1C275636D6004B85C4 /* AVDeviceHelper.m */; };
		CB036C1F275636D6004B85C4 /* AVDeviceHelper.m in Sources */ = {isa = PBXBuildFile; fileRef = CB036C1C275636D6004B85C4 /* AVDeviceHelper.m */; };
/* End PBXBuildFile section */

/* Begin PBXContainerItemProxy section */
		CB036BF12752E5DD004B85C4 /* PBXContainerItemProxy */ = {
			isa = PBXContainerItemProxy;
			containerPortal = CB036BC52752E3E9004B85C4 /* Project object */;
			proxyType = 1;
			remoteGlobalIDString = CB036BE22752E584004B85C4;
			remoteInfo = XPCServiceTest;
		};
		CB036C102754E4FB004B85C4 /* PBXContainerItemProxy */ = {
			isa = PBXContainerItemProxy;
			containerPortal = CB036BC52752E3E9004B85C4 /* Project object */;
			proxyType = 1;
			remoteGlobalIDString = CB036BE22752E584004B85C4;
			remoteInfo = XPCServiceTest;
		};
/* End PBXContainerItemProxy section */

/* Begin PBXCopyFilesBuildPhase section */
		CB036BEF2752E5A2004B85C4 /* CopyFiles */ = {
			isa = PBXCopyFilesBuildPhase;
			buildActionMask = 2147483647;
			dstPath = "$(CONTENTS_FOLDER_PATH)/XPCServices";
			dstSubfolderSpec = 16;
			files = (
				CB036BF02752E5B7004B85C4 /* XPCServiceTest.xpc in CopyFiles */,
			);
			runOnlyForDeploymentPostprocessing = 0;
		};
		CB036C122754E503004B85C4 /* CopyFiles */ = {
			isa = PBXCopyFilesBuildPhase;
			buildActionMask = 2147483647;
			dstPath = "$(CONTENTS_FOLDER_PATH)/XPCServices";
			dstSubfolderSpec = 16;
			files = (
				CB036C132754E51A004B85C4 /* XPCServiceTest.xpc in CopyFiles */,
			);
			runOnlyForDeploymentPostprocessing = 0;
		};
/* End PBXCopyFilesBuildPhase section */

/* Begin PBXFileReference section */
		CB036BCD2752E3E9004B85C4 /* CatalystXPCTest.app */ = {isa = PBXFileReference; explicitFileType = wrapper.application; includeInIndex = 0; path = CatalystXPCTest.app; sourceTree = BUILT_PRODUCTS_DIR; };
		CB036BD02752E3EA004B85C4 /* XPCTestApp.swift */ = {isa = PBXFileReference; lastKnownFileType = sourcecode.swift; path = XPCTestApp.swift; sourceTree = "<group>"; };
		CB036BD22752E3EA004B85C4 /* ContentView.swift */ = {isa = PBXFileReference; lastKnownFileType = sourcecode.swift; path = ContentView.swift; sourceTree = "<group>"; };
		CB036BD42752E3EF004B85C4 /* Assets.xcassets */ = {isa = PBXFileReference; lastKnownFileType = folder.assetcatalog; path = Assets.xcassets; sourceTree = "<group>"; };
		CB036BD72752E3EF004B85C4 /* Preview Assets.xcassets */ = {isa = PBXFileReference; lastKnownFileType = folder.assetcatalog; path = "Preview Assets.xcassets"; sourceTree = "<group>"; };
		CB036BDE2752E420004B85C4 /* CatalystXPCTest.entitlements */ = {isa = PBXFileReference; lastKnownFileType = text.plist.entitlements; path = CatalystXPCTest.entitlements; sourceTree = "<group>"; };
		CB036BE32752E584004B85C4 /* XPCServiceTest.xpc */ = {isa = PBXFileReference; explicitFileType = "wrapper.xpc-service"; includeInIndex = 0; path = XPCServiceTest.xpc; sourceTree = BUILT_PRODUCTS_DIR; };
		CB036BE52752E584004B85C4 /* XPCServiceTestProtocol.h */ = {isa = PBXFileReference; lastKnownFileType = sourcecode.c.h; path = XPCServiceTestProtocol.h; sourceTree = "<group>"; };
		CB036BE62752E584004B85C4 /* XPCServiceTest.h */ = {isa = PBXFileReference; lastKnownFileType = sourcecode.c.h; path = XPCServiceTest.h; sourceTree = "<group>"; };
		CB036BE72752E584004B85C4 /* XPCServiceTest.m */ = {isa = PBXFileReference; lastKnownFileType = sourcecode.c.objc; path = XPCServiceTest.m; sourceTree = "<group>"; };
		CB036BE92752E585004B85C4 /* main.m */ = {isa = PBXFileReference; lastKnownFileType = sourcecode.c.objc; path = main.m; sourceTree = "<group>"; };
		CB036BEB2752E585004B85C4 /* Info.plist */ = {isa = PBXFileReference; lastKnownFileType = text.plist.xml; path = Info.plist; sourceTree = "<group>"; };
		CB036BF32752E62E004B85C4 /* XPCServiceTest.entitlements */ = {isa = PBXFileReference; lastKnownFileType = text.plist.entitlements; path = XPCServiceTest.entitlements; sourceTree = "<group>"; };
		CB036BF42752E72E004B85C4 /* CatalystXPCTest-Bridging-Header.h */ = {isa = PBXFileReference; lastKnownFileType = sourcecode.c.h; path = "CatalystXPCTest-Bridging-Header.h"; sourceTree = "<group>"; };
		CB036BF82754DECC004B85C4 /* XPCConnector.swift */ = {isa = PBXFileReference; lastKnownFileType = sourcecode.swift; path = XPCConnector.swift; sourceTree = "<group>"; };
		CB036BFE2754E364004B85C4 /* MacXPCTest.app */ = {isa = PBXFileReference; explicitFileType = wrapper.application; includeInIndex = 0; path = MacXPCTest.app; sourceTree = BUILT_PRODUCTS_DIR; };
		CB036C042754E36A004B85C4 /* Assets.xcassets */ = {isa = PBXFileReference; lastKnownFileType = folder.assetcatalog; path = Assets.xcassets; sourceTree = "<group>"; };
		CB036C072754E36A004B85C4 /* Preview Assets.xcassets */ = {isa = PBXFileReference; lastKnownFileType = folder.assetcatalog; path = "Preview Assets.xcassets"; sourceTree = "<group>"; };
		CB036C092754E36A004B85C4 /* MacXPCTest.entitlements */ = {isa = PBXFileReference; lastKnownFileType = text.plist.entitlements; path = MacXPCTest.entitlements; sourceTree = "<group>"; };
		CB036C1B275636D6004B85C4 /* AVDeviceHelper.h */ = {isa = PBXFileReference; lastKnownFileType = sourcecode.c.h; path = AVDeviceHelper.h; sourceTree = "<group>"; };
		CB036C1C275636D6004B85C4 /* AVDeviceHelper.m */ = {isa = PBXFileReference; lastKnownFileType = sourcecode.c.objc; path = AVDeviceHelper.m; sourceTree = "<group>"; };
/* End PBXFileReference section */

/* Begin PBXFrameworksBuildPhase section */
		CB036BCA2752E3E9004B85C4 /* Frameworks */ = {
			isa = PBXFrameworksBuildPhase;
			buildActionMask = 2147483647;
			files = (
			);
			runOnlyForDeploymentPostprocessing = 0;
		};
		CB036BE02752E584004B85C4 /* Frameworks */ = {
			isa = PBXFrameworksBuildPhase;
			buildActionMask = 2147483647;
			files = (
			);
			runOnlyForDeploymentPostprocessing = 0;
		};
		CB036BFB2754E364004B85C4 /* Frameworks */ = {
			isa = PBXFrameworksBuildPhase;
			buildActionMask = 2147483647;
			files = (
			);
			runOnlyForDeploymentPostprocessing = 0;
		};
/* End PBXFrameworksBuildPhase section */

/* Begin PBXGroup section */
		CB036BC42752E3E9004B85C4 = {
			isa = PBXGroup;
			children = (
				CB036C0D2754E3AA004B85C4 /* Shared App */,
				CB036BCF2752E3EA004B85C4 /* CatalystXPCTest */,
				CB036BE42752E584004B85C4 /* XPCServiceTest */,
				CB036BFF2754E365004B85C4 /* MacXPCTest */,
				CB036BCE2752E3E9004B85C4 /* Products */,
			);
			sourceTree = "<group>";
		};
		CB036BCE2752E3E9004B85C4 /* Products */ = {
			isa = PBXGroup;
			children = (
				CB036BCD2752E3E9004B85C4 /* CatalystXPCTest.app */,
				CB036BE32752E584004B85C4 /* XPCServiceTest.xpc */,
				CB036BFE2754E364004B85C4 /* MacXPCTest.app */,
			);
			name = Products;
			sourceTree = "<group>";
		};
		CB036BCF2752E3EA004B85C4 /* CatalystXPCTest */ = {
			isa = PBXGroup;
			children = (
				CB036BDE2752E420004B85C4 /* CatalystXPCTest.entitlements */,
				CB036BD42752E3EF004B85C4 /* Assets.xcassets */,
				CB036BD62752E3EF004B85C4 /* Preview Content */,
			);
			path = CatalystXPCTest;
			sourceTree = "<group>";
		};
		CB036BD62752E3EF004B85C4 /* Preview Content */ = {
			isa = PBXGroup;
			children = (
				CB036BD72752E3EF004B85C4 /* Preview Assets.xcassets */,
			);
			path = "Preview Content";
			sourceTree = "<group>";
		};
		CB036BE42752E584004B85C4 /* XPCServiceTest */ = {
			isa = PBXGroup;
			children = (
				CB036BF32752E62E004B85C4 /* XPCServiceTest.entitlements */,
				CB036BE52752E584004B85C4 /* XPCServiceTestProtocol.h */,
				CB036BE62752E584004B85C4 /* XPCServiceTest.h */,
				CB036BE72752E584004B85C4 /* XPCServiceTest.m */,
				CB036BE92752E585004B85C4 /* main.m */,
				CB036BEB2752E585004B85C4 /* Info.plist */,
			);
			path = XPCServiceTest;
			sourceTree = "<group>";
		};
		CB036BFF2754E365004B85C4 /* MacXPCTest */ = {
			isa = PBXGroup;
			children = (
				CB036C042754E36A004B85C4 /* Assets.xcassets */,
				CB036C092754E36A004B85C4 /* MacXPCTest.entitlements */,
				CB036C062754E36A004B85C4 /* Preview Content */,
			);
			path = MacXPCTest;
			sourceTree = "<group>";
		};
		CB036C062754E36A004B85C4 /* Preview Content */ = {
			isa = PBXGroup;
			children = (
				CB036C072754E36A004B85C4 /* Preview Assets.xcassets */,
			);
			path = "Preview Content";
			sourceTree = "<group>";
		};
		CB036C0D2754E3AA004B85C4 /* Shared App */ = {
			isa = PBXGroup;
			children = (
				CB036BD02752E3EA004B85C4 /* XPCTestApp.swift */,
				CB036BD22752E3EA004B85C4 /* ContentView.swift */,
				CB036BF82754DECC004B85C4 /* XPCConnector.swift */,
				CB036C1B275636D6004B85C4 /* AVDeviceHelper.h */,
				CB036C1C275636D6004B85C4 /* AVDeviceHelper.m */,
				CB036BF42752E72E004B85C4 /* CatalystXPCTest-Bridging-Header.h */,
			);
			path = "Shared App";
			sourceTree = "<group>";
		};
/* End PBXGroup section */

/* Begin PBXNativeTarget section */
		CB036BCC2752E3E9004B85C4 /* CatalystXPCTest */ = {
			isa = PBXNativeTarget;
			buildConfigurationList = CB036BDB2752E3EF004B85C4 /* Build configuration list for PBXNativeTarget "CatalystXPCTest" */;
			buildPhases = (
				CB036BC92752E3E9004B85C4 /* Sources */,
				CB036BCA2752E3E9004B85C4 /* Frameworks */,
				CB036BCB2752E3E9004B85C4 /* Resources */,
				CB036BEF2752E5A2004B85C4 /* CopyFiles */,
			);
			buildRules = (
			);
			dependencies = (
				CB036BF22752E5DD004B85C4 /* PBXTargetDependency */,
			);
			name = CatalystXPCTest;
			productName = CatalystXPCTest;
			productReference = CB036BCD2752E3E9004B85C4 /* CatalystXPCTest.app */;
			productType = "com.apple.product-type.application";
		};
		CB036BE22752E584004B85C4 /* XPCServiceTest */ = {
			isa = PBXNativeTarget;
			buildConfigurationList = CB036BEC2752E585004B85C4 /* Build configuration list for PBXNativeTarget "XPCServiceTest" */;
			buildPhases = (
				CB036BDF2752E584004B85C4 /* Sources */,
				CB036BE02752E584004B85C4 /* Frameworks */,
				CB036BE12752E584004B85C4 /* Resources */,
			);
			buildRules = (
			);
			dependencies = (
			);
			name = XPCServiceTest;
			productName = XPCServiceTest;
			productReference = CB036BE32752E584004B85C4 /* XPCServiceTest.xpc */;
			productType = "com.apple.product-type.xpc-service";
		};
		CB036BFD2754E364004B85C4 /* MacXPCTest */ = {
			isa = PBXNativeTarget;
			buildConfigurationList = CB036C0A2754E36A004B85C4 /* Build configuration list for PBXNativeTarget "MacXPCTest" */;
			buildPhases = (
				CB036BFA2754E364004B85C4 /* Sources */,
				CB036BFB2754E364004B85C4 /* Frameworks */,
				CB036BFC2754E364004B85C4 /* Resources */,
				CB036C122754E503004B85C4 /* CopyFiles */,
			);
			buildRules = (
			);
			dependencies = (
				CB036C112754E4FB004B85C4 /* PBXTargetDependency */,
			);
			name = MacXPCTest;
			productName = MacXPCTest;
			productReference = CB036BFE2754E364004B85C4 /* MacXPCTest.app */;
			productType = "com.apple.product-type.application";
		};
/* End PBXNativeTarget section */

/* Begin PBXProject section */
		CB036BC52752E3E9004B85C4 /* Project object */ = {
			isa = PBXProject;
			attributes = {
				BuildIndependentTargetsInParallel = 1;
				LastSwiftUpdateCheck = 1310;
				LastUpgradeCheck = 1310;
				TargetAttributes = {
					CB036BCC2752E3E9004B85C4 = {
						CreatedOnToolsVersion = 13.1;
						LastSwiftMigration = 1310;
					};
					CB036BE22752E584004B85C4 = {
						CreatedOnToolsVersion = 13.1;
					};
					CB036BFD2754E364004B85C4 = {
						CreatedOnToolsVersion = 13.1;
					};
				};
			};
			buildConfigurationList = CB036BC82752E3E9004B85C4 /* Build configuration list for PBXProject "CatalystXPCTest" */;
			compatibilityVersion = "Xcode 13.0";
			developmentRegion = en;
			hasScannedForEncodings = 0;
			knownRegions = (
				en,
				Base,
			);
			mainGroup = CB036BC42752E3E9004B85C4;
			productRefGroup = CB036BCE2752E3E9004B85C4 /* Products */;
			projectDirPath = "";
			projectRoot = "";
			targets = (
				CB036BCC2752E3E9004B85C4 /* CatalystXPCTest */,
				CB036BE22752E584004B85C4 /* XPCServiceTest */,
				CB036BFD2754E364004B85C4 /* MacXPCTest */,
			);
		};
/* End PBXProject section */

/* Begin PBXResourcesBuildPhase section */
		CB036BCB2752E3E9004B85C4 /* Resources */ = {
			isa = PBXResourcesBuildPhase;
			buildActionMask = 2147483647;
			files = (
				CB036BD82752E3EF004B85C4 /* Preview Assets.xcassets in Resources */,
				CB036BD52752E3EF004B85C4 /* Assets.xcassets in Resources */,
			);
			runOnlyForDeploymentPostprocessing = 0;
		};
		CB036BE12752E584004B85C4 /* Resources */ = {
			isa = PBXResourcesBuildPhase;
			buildActionMask = 2147483647;
			files = (
			);
			runOnlyForDeploymentPostprocessing = 0;
		};
		CB036BFC2754E364004B85C4 /* Resources */ = {
			isa = PBXResourcesBuildPhase;
			buildActionMask = 2147483647;
			files = (
				CB036C082754E36A004B85C4 /* Preview Assets.xcassets in Resources */,
				CB036C052754E36A004B85C4 /* Assets.xcassets in Resources */,
			);
			runOnlyForDeploymentPostprocessing = 0;
		};
/* End PBXResourcesBuildPhase section */

/* Begin PBXSourcesBuildPhase section */
		CB036BC92752E3E9004B85C4 /* Sources */ = {
			isa = PBXSourcesBuildPhase;
			buildActionMask = 2147483647;
			files = (
				CB036BD32752E3EA004B85C4 /* ContentView.swift in Sources */,
				CB036BD12752E3EA004B85C4 /* XPCTestApp.swift in Sources */,
				CB036C1D275636D6004B85C4 /* AVDeviceHelper.m in Sources */,
				CB036C152754F453004B85C4 /* XPCConnector.swift in Sources */,
			);
			runOnlyForDeploymentPostprocessing = 0;
		};
		CB036BDF2752E584004B85C4 /* Sources */ = {
			isa = PBXSourcesBuildPhase;
			buildActionMask = 2147483647;
			files = (
				CB036BEA2752E585004B85C4 /* main.m in Sources */,
				CB036BE82752E584004B85C4 /* XPCServiceTest.m in Sources */,
				CB036C1E275636D6004B85C4 /* AVDeviceHelper.m in Sources */,
			);
			runOnlyForDeploymentPostprocessing = 0;
		};
		CB036BFA2754E364004B85C4 /* Sources */ = {
			isa = PBXSourcesBuildPhase;
			buildActionMask = 2147483647;
			files = (
				CB036C0F2754E48F004B85C4 /* ContentView.swift in Sources */,
				CB036C0E2754E48F004B85C4 /* XPCTestApp.swift in Sources */,
				CB036C1F275636D6004B85C4 /* AVDeviceHelper.m in Sources */,
				CB036C142754E557004B85C4 /* XPCConnector.swift in Sources */,
			);
			runOnlyForDeploymentPostprocessing = 0;
		};
/* End PBXSourcesBuildPhase section */

/* Begin PBXTargetDependency section */
		CB036BF22752E5DD004B85C4 /* PBXTargetDependency */ = {
			isa = PBXTargetDependency;
			target = CB036BE22752E584004B85C4 /* XPCServiceTest */;
			targetProxy = CB036BF12752E5DD004B85C4 /* PBXContainerItemProxy */;
		};
		CB036C112754E4FB004B85C4 /* PBXTargetDependency */ = {
			isa = PBXTargetDependency;
			target = CB036BE22752E584004B85C4 /* XPCServiceTest */;
			targetProxy = CB036C102754E4FB004B85C4 /* PBXContainerItemProxy */;
		};
/* End PBXTargetDependency section */

/* Begin XCBuildConfiguration section */
		CB036BD92752E3EF004B85C4 /* Debug */ = {
			isa = XCBuildConfiguration;
			buildSettings = {
				ALWAYS_SEARCH_USER_PATHS = NO;
				CLANG_ANALYZER_NONNULL = YES;
				CLANG_ANALYZER_NUMBER_OBJECT_CONVERSION = YES_AGGRESSIVE;
				CLANG_CXX_LANGUAGE_STANDARD = "gnu++17";
				CLANG_CXX_LIBRARY = "libc++";
				CLANG_ENABLE_MODULES = YES;
				CLANG_ENABLE_OBJC_ARC = YES;
				CLANG_ENABLE_OBJC_WEAK = YES;
				CLANG_WARN_BLOCK_CAPTURE_AUTORELEASING = YES;
				CLANG_WARN_BOOL_CONVERSION = YES;
				CLANG_WARN_COMMA = YES;
				CLANG_WARN_CONSTANT_CONVERSION = YES;
				CLANG_WARN_DEPRECATED_OBJC_IMPLEMENTATIONS = YES;
				CLANG_WARN_DIRECT_OBJC_ISA_USAGE = YES_ERROR;
				CLANG_WARN_DOCUMENTATION_COMMENTS = YES;
				CLANG_WARN_EMPTY_BODY = YES;
				CLANG_WARN_ENUM_CONVERSION = YES;
				CLANG_WARN_INFINITE_RECURSION = YES;
				CLANG_WARN_INT_CONVERSION = YES;
				CLANG_WARN_NON_LITERAL_NULL_CONVERSION = YES;
				CLANG_WARN_OBJC_IMPLICIT_RETAIN_SELF = YES;
				CLANG_WARN_OBJC_LITERAL_CONVERSION = YES;
				CLANG_WARN_OBJC_ROOT_CLASS = YES_ERROR;
				CLANG_WARN_QUOTED_INCLUDE_IN_FRAMEWORK_HEADER = YES;
				CLANG_WARN_RANGE_LOOP_ANALYSIS = YES;
				CLANG_WARN_STRICT_PROTOTYPES = YES;
				CLANG_WARN_SUSPICIOUS_MOVE = YES;
				CLANG_WARN_UNGUARDED_AVAILABILITY = YES_AGGRESSIVE;
				CLANG_WARN_UNREACHABLE_CODE = YES;
				CLANG_WARN__DUPLICATE_METHOD_MATCH = YES;
				COPY_PHASE_STRIP = NO;
				DEBUG_INFORMATION_FORMAT = dwarf;
				ENABLE_STRICT_OBJC_MSGSEND = YES;
				ENABLE_TESTABILITY = YES;
				GCC_C_LANGUAGE_STANDARD = gnu11;
				GCC_DYNAMIC_NO_PIC = NO;
				GCC_NO_COMMON_BLOCKS = YES;
				GCC_OPTIMIZATION_LEVEL = 0;
				GCC_PREPROCESSOR_DEFINITIONS = (
					"DEBUG=1",
					"$(inherited)",
				);
				GCC_WARN_64_TO_32_BIT_CONVERSION = YES;
				GCC_WARN_ABOUT_RETURN_TYPE = YES_ERROR;
				GCC_WARN_UNDECLARED_SELECTOR = YES;
				GCC_WARN_UNINITIALIZED_AUTOS = YES_AGGRESSIVE;
				GCC_WARN_UNUSED_FUNCTION = YES;
				GCC_WARN_UNUSED_VARIABLE = YES;
				IPHONEOS_DEPLOYMENT_TARGET = 15.0;
				MTL_ENABLE_DEBUG_INFO = INCLUDE_SOURCE;
				MTL_FAST_MATH = YES;
				ONLY_ACTIVE_ARCH = YES;
				SDKROOT = iphoneos;
				SWIFT_ACTIVE_COMPILATION_CONDITIONS = DEBUG;
				SWIFT_OPTIMIZATION_LEVEL = "-Onone";
			};
			name = Debug;
		};
		CB036BDA2752E3EF004B85C4 /* Release */ = {
			isa = XCBuildConfiguration;
			buildSettings = {
				ALWAYS_SEARCH_USER_PATHS = NO;
				CLANG_ANALYZER_NONNULL = YES;
				CLANG_ANALYZER_NUMBER_OBJECT_CONVERSION = YES_AGGRESSIVE;
				CLANG_CXX_LANGUAGE_STANDARD = "gnu++17";
				CLANG_CXX_LIBRARY = "libc++";
				CLANG_ENABLE_MODULES = YES;
				CLANG_ENABLE_OBJC_ARC = YES;
				CLANG_ENABLE_OBJC_WEAK = YES;
				CLANG_WARN_BLOCK_CAPTURE_AUTORELEASING = YES;
				CLANG_WARN_BOOL_CONVERSION = YES;
				CLANG_WARN_COMMA = YES;
				CLANG_WARN_CONSTANT_CONVERSION = YES;
				CLANG_WARN_DEPRECATED_OBJC_IMPLEMENTATIONS = YES;
				CLANG_WARN_DIRECT_OBJC_ISA_USAGE = YES_ERROR;
				CLANG_WARN_DOCUMENTATION_COMMENTS = YES;
				CLANG_WARN_EMPTY_BODY = YES;
				CLANG_WARN_ENUM_CONVERSION = YES;
				CLANG_WARN_INFINITE_RECURSION = YES;
				CLANG_WARN_INT_CONVERSION = YES;
				CLANG_WARN_NON_LITERAL_NULL_CONVERSION = YES;
				CLANG_WARN_OBJC_IMPLICIT_RETAIN_SELF = YES;
				CLANG_WARN_OBJC_LITERAL_CONVERSION = YES;
				CLANG_WARN_OBJC_ROOT_CLASS = YES_ERROR;
				CLANG_WARN_QUOTED_INCLUDE_IN_FRAMEWORK_HEADER = YES;
				CLANG_WARN_RANGE_LOOP_ANALYSIS = YES;
				CLANG_WARN_STRICT_PROTOTYPES = YES;
				CLANG_WARN_SUSPICIOUS_MOVE = YES;
				CLANG_WARN_UNGUARDED_AVAILABILITY = YES_AGGRESSIVE;
				CLANG_WARN_UNREACHABLE_CODE = YES;
				CLANG_WARN__DUPLICATE_METHOD_MATCH = YES;
				COPY_PHASE_STRIP = NO;
				DEBUG_INFORMATION_FORMAT = "dwarf-with-dsym";
				ENABLE_NS_ASSERTIONS = NO;
				ENABLE_STRICT_OBJC_MSGSEND = YES;
				GCC_C_LANGUAGE_STANDARD = gnu11;
				GCC_NO_COMMON_BLOCKS = YES;
				GCC_WARN_64_TO_32_BIT_CONVERSION = YES;
				GCC_WARN_ABOUT_RETURN_TYPE = YES_ERROR;
				GCC_WARN_UNDECLARED_SELECTOR = YES;
				GCC_WARN_UNINITIALIZED_AUTOS = YES_AGGRESSIVE;
				GCC_WARN_UNUSED_FUNCTION = YES;
				GCC_WARN_UNUSED_VARIABLE = YES;
				IPHONEOS_DEPLOYMENT_TARGET = 15.0;
				MTL_ENABLE_DEBUG_INFO = NO;
				MTL_FAST_MATH = YES;
				SDKROOT = iphoneos;
				SWIFT_COMPILATION_MODE = wholemodule;
				SWIFT_OPTIMIZATION_LEVEL = "-O";
				VALIDATE_PRODUCT = YES;
			};
			name = Release;
		};
		CB036BDC2752E3EF004B85C4 /* Debug */ = {
			isa = XCBuildConfiguration;
			buildSettings = {
				ASSETCATALOG_COMPILER_APPICON_NAME = AppIcon;
				ASSETCATALOG_COMPILER_GLOBAL_ACCENT_COLOR_NAME = AccentColor;
				CLANG_ENABLE_MODULES = YES;
				CODE_SIGN_ENTITLEMENTS = CatalystXPCTest/CatalystXPCTest.entitlements;
				CODE_SIGN_STYLE = Automatic;
				CURRENT_PROJECT_VERSION = 1;
				DEVELOPMENT_ASSET_PATHS = "\"CatalystXPCTest/Preview Content\"";
				DEVELOPMENT_TEAM = M3DTZN9V9B;
				ENABLE_PREVIEWS = YES;
				GENERATE_INFOPLIST_FILE = YES;
				INFOPLIST_KEY_UIApplicationSceneManifest_Generation = YES;
				INFOPLIST_KEY_UIApplicationSupportsIndirectInputEvents = YES;
				INFOPLIST_KEY_UILaunchScreen_Generation = YES;
				INFOPLIST_KEY_UISupportedInterfaceOrientations_iPad = "UIInterfaceOrientationPortrait UIInterfaceOrientationPortraitUpsideDown UIInterfaceOrientationLandscapeLeft UIInterfaceOrientationLandscapeRight";
				INFOPLIST_KEY_UISupportedInterfaceOrientations_iPhone = "UIInterfaceOrientationPortrait UIInterfaceOrientationLandscapeLeft UIInterfaceOrientationLandscapeRight";
				"IPHONEOS_DEPLOYMENT_TARGET[sdk=macosx*]" = 14.7;
				LD_RUNPATH_SEARCH_PATHS = (
					"$(inherited)",
					"@executable_path/Frameworks",
				);
				MARKETING_VERSION = 1.0;
				PRODUCT_BUNDLE_IDENTIFIER = com.vonbelow.CatalystXPCTest;
				PRODUCT_NAME = "$(TARGET_NAME)";
				SUPPORTS_MACCATALYST = YES;
				SWIFT_EMIT_LOC_STRINGS = YES;
				SWIFT_OBJC_BRIDGING_HEADER = "Shared App/CatalystXPCTest-Bridging-Header.h";
				SWIFT_OPTIMIZATION_LEVEL = "-Onone";
				SWIFT_VERSION = 5.0;
				TARGETED_DEVICE_FAMILY = "1,2";
			};
			name = Debug;
		};
		CB036BDD2752E3EF004B85C4 /* Release */ = {
			isa = XCBuildConfiguration;
			buildSettings = {
				ASSETCATALOG_COMPILER_APPICON_NAME = AppIcon;
				ASSETCATALOG_COMPILER_GLOBAL_ACCENT_COLOR_NAME = AccentColor;
				CLANG_ENABLE_MODULES = YES;
				CODE_SIGN_ENTITLEMENTS = CatalystXPCTest/CatalystXPCTest.entitlements;
				CODE_SIGN_STYLE = Automatic;
				CURRENT_PROJECT_VERSION = 1;
				DEVELOPMENT_ASSET_PATHS = "\"CatalystXPCTest/Preview Content\"";
				DEVELOPMENT_TEAM = M3DTZN9V9B;
				ENABLE_PREVIEWS = YES;
				GENERATE_INFOPLIST_FILE = YES;
				INFOPLIST_KEY_UIApplicationSceneManifest_Generation = YES;
				INFOPLIST_KEY_UIApplicationSupportsIndirectInputEvents = YES;
				INFOPLIST_KEY_UILaunchScreen_Generation = YES;
				INFOPLIST_KEY_UISupportedInterfaceOrientations_iPad = "UIInterfaceOrientationPortrait UIInterfaceOrientationPortraitUpsideDown UIInterfaceOrientationLandscapeLeft UIInterfaceOrientationLandscapeRight";
				INFOPLIST_KEY_UISupportedInterfaceOrientations_iPhone = "UIInterfaceOrientationPortrait UIInterfaceOrientationLandscapeLeft UIInterfaceOrientationLandscapeRight";
				"IPHONEOS_DEPLOYMENT_TARGET[sdk=macosx*]" = 14.7;
				LD_RUNPATH_SEARCH_PATHS = (
					"$(inherited)",
					"@executable_path/Frameworks",
				);
				MARKETING_VERSION = 1.0;
				PRODUCT_BUNDLE_IDENTIFIER = com.vonbelow.CatalystXPCTest;
				PRODUCT_NAME = "$(TARGET_NAME)";
				SUPPORTS_MACCATALYST = YES;
				SWIFT_EMIT_LOC_STRINGS = YES;
				SWIFT_OBJC_BRIDGING_HEADER = "Shared App/CatalystXPCTest-Bridging-Header.h";
				SWIFT_VERSION = 5.0;
				TARGETED_DEVICE_FAMILY = "1,2";
			};
			name = Release;
		};
		CB036BED2752E585004B85C4 /* Debug */ = {
			isa = XCBuildConfiguration;
			buildSettings = {
				CODE_SIGN_ENTITLEMENTS = XPCServiceTest/XPCServiceTest.entitlements;
				CODE_SIGN_STYLE = Automatic;
				COMBINE_HIDPI_IMAGES = YES;
				CURRENT_PROJECT_VERSION = 1;
				DEVELOPMENT_TEAM = M3DTZN9V9B;
				ENABLE_HARDENED_RUNTIME = YES;
				GENERATE_INFOPLIST_FILE = YES;
				INFOPLIST_FILE = XPCServiceTest/Info.plist;
				INFOPLIST_KEY_CFBundleDisplayName = XPCServiceTest;
				INFOPLIST_KEY_NSHumanReadableCopyright = "";
				MACOSX_DEPLOYMENT_TARGET = 11.5;
				MARKETING_VERSION = 1.0;
				PRODUCT_BUNDLE_IDENTIFIER = com.vonbelow.xpcTest;
				PRODUCT_NAME = "$(TARGET_NAME)";
				SDKROOT = macosx;
				SKIP_INSTALL = YES;
				SWIFT_EMIT_LOC_STRINGS = YES;
			};
			name = Debug;
		};
		CB036BEE2752E585004B85C4 /* Release */ = {
			isa = XCBuildConfiguration;
			buildSettings = {
				CODE_SIGN_ENTITLEMENTS = XPCServiceTest/XPCServiceTest.entitlements;
				CODE_SIGN_STYLE = Automatic;
				COMBINE_HIDPI_IMAGES = YES;
				CURRENT_PROJECT_VERSION = 1;
				DEVELOPMENT_TEAM = M3DTZN9V9B;
				ENABLE_HARDENED_RUNTIME = YES;
				GENERATE_INFOPLIST_FILE = YES;
				INFOPLIST_FILE = XPCServiceTest/Info.plist;
				INFOPLIST_KEY_CFBundleDisplayName = XPCServiceTest;
				INFOPLIST_KEY_NSHumanReadableCopyright = "";
				MACOSX_DEPLOYMENT_TARGET = 11.5;
				MARKETING_VERSION = 1.0;
				PRODUCT_BUNDLE_IDENTIFIER = com.vonbelow.xpcTest;
				PRODUCT_NAME = "$(TARGET_NAME)";
				SDKROOT = macosx;
				SKIP_INSTALL = YES;
				SWIFT_EMIT_LOC_STRINGS = YES;
			};
			name = Release;
		};
		CB036C0B2754E36A004B85C4 /* Debug */ = {
			isa = XCBuildConfiguration;
			buildSettings = {
				ASSETCATALOG_COMPILER_APPICON_NAME = AppIcon;
				ASSETCATALOG_COMPILER_GLOBAL_ACCENT_COLOR_NAME = AccentColor;
				CODE_SIGN_ENTITLEMENTS = MacXPCTest/MacXPCTest.entitlements;
				CODE_SIGN_STYLE = Automatic;
				COMBINE_HIDPI_IMAGES = YES;
				CURRENT_PROJECT_VERSION = 1;
				DEVELOPMENT_ASSET_PATHS = "\"MacXPCTest/Preview Content\"";
				DEVELOPMENT_TEAM = M3DTZN9V9B;
				ENABLE_HARDENED_RUNTIME = YES;
				ENABLE_PREVIEWS = YES;
				GENERATE_INFOPLIST_FILE = YES;
				INFOPLIST_KEY_NSHumanReadableCopyright = "";
				LD_RUNPATH_SEARCH_PATHS = (
					"$(inherited)",
					"@executable_path/../Frameworks",
				);
				MACOSX_DEPLOYMENT_TARGET = 11.5;
				MARKETING_VERSION = 1.0;
				PRODUCT_BUNDLE_IDENTIFIER = com.vonbelow.MacXPCTest;
				PRODUCT_NAME = "$(TARGET_NAME)";
				SDKROOT = macosx;
				SWIFT_EMIT_LOC_STRINGS = YES;
				SWIFT_OBJC_BRIDGING_HEADER = "Shared App/CatalystXPCTest-Bridging-Header.h";
				SWIFT_VERSION = 5.0;
			};
			name = Debug;
		};
		CB036C0C2754E36A004B85C4 /* Release */ = {
			isa = XCBuildConfiguration;
			buildSettings = {
				ASSETCATALOG_COMPILER_APPICON_NAME = AppIcon;
				ASSETCATALOG_COMPILER_GLOBAL_ACCENT_COLOR_NAME = AccentColor;
				CODE_SIGN_ENTITLEMENTS = MacXPCTest/MacXPCTest.entitlements;
				CODE_SIGN_STYLE = Automatic;
				COMBINE_HIDPI_IMAGES = YES;
				CURRENT_PROJECT_VERSION = 1;
				DEVELOPMENT_ASSET_PATHS = "\"MacXPCTest/Preview Content\"";
				DEVELOPMENT_TEAM = M3DTZN9V9B;
				ENABLE_HARDENED_RUNTIME = YES;
				ENABLE_PREVIEWS = YES;
				GENERATE_INFOPLIST_FILE = YES;
				INFOPLIST_KEY_NSHumanReadableCopyright = "";
				LD_RUNPATH_SEARCH_PATHS = (
					"$(inherited)",
					"@executable_path/../Frameworks",
				);
				MACOSX_DEPLOYMENT_TARGET = 11.5;
				MARKETING_VERSION = 1.0;
				PRODUCT_BUNDLE_IDENTIFIER = com.vonbelow.MacXPCTest;
				PRODUCT_NAME = "$(TARGET_NAME)";
				SDKROOT = macosx;
				SWIFT_EMIT_LOC_STRINGS = YES;
				SWIFT_OBJC_BRIDGING_HEADER = "Shared App/CatalystXPCTest-Bridging-Header.h";
				SWIFT_VERSION = 5.0;
			};
			name = Release;
		};
/* End XCBuildConfiguration section */

/* Begin XCConfigurationList section */
		CB036BC82752E3E9004B85C4 /* Build configuration list for PBXProject "CatalystXPCTest" */ = {
			isa = XCConfigurationList;
			buildConfigurations = (
				CB036BD92752E3EF004B85C4 /* Debug */,
				CB036BDA2752E3EF004B85C4 /* Release */,
			);
			defaultConfigurationIsVisible = 0;
			defaultConfigurationName = Release;
		};
		CB036BDB2752E3EF004B85C4 /* Build configuration list for PBXNativeTarget "CatalystXPCTest" */ = {
			isa = XCConfigurationList;
			buildConfigurations = (
				CB036BDC2752E3EF004B85C4 /* Debug */,
				CB036BDD2752E3EF004B85C4 /* Release */,
			);
			defaultConfigurationIsVisible = 0;
			defaultConfigurationName = Release;
		};
		CB036BEC2752E585004B85C4 /* Build configuration list for PBXNativeTarget "XPCServiceTest" */ = {
			isa = XCConfigurationList;
			buildConfigurations = (
				CB036BED2752E585004B85C4 /* Debug */,
				CB036BEE2752E585004B85C4 /* Release */,
			);
			defaultConfigurationIsVisible = 0;
			defaultConfigurationName = Release;
		};
		CB036C0A2754E36A004B85C4 /* Build configuration list for PBXNativeTarget "MacXPCTest" */ = {
			isa = XCConfigurationList;
			buildConfigurations = (
				CB036C0B2754E36A004B85C4 /* Debug */,
				CB036C0C2754E36A004B85C4 /* Release */,
			);
			defaultConfigurationIsVisible = 0;
			defaultConfigurationName = Release;
		};
/* End XCConfigurationList section */
	};
	rootObject = CB036BC52752E3E9004B85C4 /* Project object */;
}
